
Microsoft Visual Studio Solution File, Format Version 12.00
# Visual Studio Express 2012 for Windows Desktop
Project("{FAE04EC0-301F-11D3-BF4B-00C04F79EFBC}") = "Injector", "Injector\Injector.csproj", "{41480B6F-9051-43D1-9484-30A265D09D5D}"
EndProject
Global
	GlobalSection(SolutionConfigurationPlatforms) = preSolution
		Debug|Any CPU = Debug|Any CPU
		Release|Any CPU = Release|Any CPU
	EndGlobalSection
	GlobalSection(ProjectConfigurationPlatforms) = postSolution
		{41480B6F-9051-43D1-9484-30A265D09D5D}.Debug|Any CPU.ActiveCfg = Debug|Any CPU
		{41480B6F-9051-43D1-9484-30A265D09D5D}.Debug|Any CPU.Build.0 = Debug|Any CPU
		{41480B6F-9051-43D1-9484-30A265D09D5D}.Release|Any CPU.ActiveCfg = Release|Any CPU
		{41480B6F-9051-43D1-9484-30A265D09D5D}.Release|Any CPU.Build.0 = Release|Any CPU
	EndGlobalSection
	GlobalSection(SolutionProperties) = preSolution
		HideSolutionNode = FALSE
	EndGlobalSection
EndGlobal
