
Microsoft Visual Studio Solution File, Format Version 12.00
# Visual Studio Express 2012 for Windows Desktop
Project("{FAE04EC0-301F-11D3-BF4B-00C04F79EFBC}") = "DriveCom", "DriveCom\DriveCom.csproj", "{25CF4003-4DF8-4F3C-B9B5-50252C2CD2C2}"
EndProject
Global
	GlobalSection(SolutionConfigurationPlatforms) = preSolution
		Debug|Any CPU = Debug|Any CPU
		Release|Any CPU = Release|Any CPU
	EndGlobalSection
	GlobalSection(ProjectConfigurationPlatforms) = postSolution
		{25CF4003-4DF8-4F3C-B9B5-50252C2CD2C2}.Debug|Any CPU.ActiveCfg = Debug|Any CPU
		{25CF4003-4DF8-4F3C-B9B5-50252C2CD2C2}.Debug|Any CPU.Build.0 = Debug|Any CPU
		{25CF4003-4DF8-4F3C-B9B5-50252C2CD2C2}.Release|Any CPU.ActiveCfg = Release|Any CPU
		{25CF4003-4DF8-4F3C-B9B5-50252C2CD2C2}.Release|Any CPU.Build.0 = Release|Any CPU
	EndGlobalSection
	GlobalSection(SolutionProperties) = preSolution
		HideSolutionNode = FALSE
	EndGlobalSection
EndGlobal
